# This file is automatically @generated by Cargo.
# It is not intended for manual editing.
version = 3

[[package]]
name = "autocfg"
version = "1.1.0"
source = "registry+https://github.com/rust-lang/crates.io-index"
checksum = "d468802bab17cbc0cc575e9b053f41e72aa36bfa6b7f55e3529ffa43161b97fa"

[[package]]
name = "benches"
version = "0.1.0"
dependencies = [
 "brunch",
 "spellbook",
 "xdg",
]

[[package]]
name = "brunch"
version = "0.5.0"
source = "registry+https://github.com/rust-lang/crates.io-index"
checksum = "12ec8866ee8d4ec8c0770203322d7cfa2d2183b03fc788611c5ffc191f2a5688"
dependencies = [
 "dactyl",
 "unicode-width",
]

[[package]]
name = "dactyl"
version = "0.5.1"
source = "registry+https://github.com/rust-lang/crates.io-index"
checksum = "72f762271c6826d426c3fd2e37aa827fa039596bc7050e9289cb713265be3d7f"
dependencies = [
 "num-traits",
]

[[package]]
name = "num-traits"
version = "0.2.16"
source = "registry+https://github.com/rust-lang/crates.io-index"
checksum = "f30b0abd723be7e2ffca1272140fac1a2f084c77ec3e123c192b66af1ee9e6c2"
dependencies = [
 "autocfg",
]

[[package]]
name = "spellbook"
version = "0.1.0"

[[package]]
name = "unicode-width"
version = "0.1.10"
source = "registry+https://github.com/rust-lang/crates.io-index"
checksum = "c0edd1e5b14653f783770bce4a4dabb4a5108a5370a5f5d8cfe8710c361f6c8b"

[[package]]
name = "xdg"
version = "2.5.2"
source = "registry+https://github.com/rust-lang/crates.io-index"
checksum = "213b7324336b53d2414b2db8537e56544d981803139155afa84f76eeebb7a546"
